
Microsoft Visual Studio Solution File, Format Version 12.00
# Visual Studio Version 16
VisualStudioVersion = 16.0.31624.102
MinimumVisualStudioVersion = 10.0.40219.1
Project("{FAE04EC0-301F-11D3-BF4B-00C04F79EFBC}") = "TextSearchAlgorithmsComp", "TextSearchAlgorithmsComp\TextSearchAlgorithmsComp.csproj", "{C902B2B5-6875-4E72-B84D-08E2F234AA6D}"
EndProject
Global
	GlobalSection(SolutionConfigurationPlatforms) = preSolution
		Debug|Any CPU = Debug|Any CPU
		Release|Any CPU = Release|Any CPU
	EndGlobalSection
	GlobalSection(ProjectConfigurationPlatforms) = postSolution
		{C902B2B5-6875-4E72-B84D-08E2F234AA6D}.Debug|Any CPU.ActiveCfg = Debug|Any CPU
		{C902B2B5-6875-4E72-B84D-08E2F234AA6D}.Debug|Any CPU.Build.0 = Debug|Any CPU
		{C902B2B5-6875-4E72-B84D-08E2F234AA6D}.Release|Any CPU.ActiveCfg = Release|Any CPU
		{C902B2B5-6875-4E72-B84D-08E2F234AA6D}.Release|Any CPU.Build.0 = Release|Any CPU
	EndGlobalSection
	GlobalSection(SolutionProperties) = preSolution
		HideSolutionNode = FALSE
	EndGlobalSection
	GlobalSection(ExtensibilityGlobals) = postSolution
		SolutionGuid = {97B4EF68-5720-4922-8675-C60DEBE09564}
	EndGlobalSection
EndGlobal
